
Microsoft Visual Studio Solution File, Format Version 12.00
# Visual Studio Version 17
VisualStudioVersion = 17.3.32929.385
MinimumVisualStudioVersion = 10.0.40219.1
Project("{FAE04EC0-301F-11D3-BF4B-00C04F79EFBC}") = "ExceptionHandeling", "ExceptionHandeling\ExceptionHandeling.csproj", "{68750A83-4923-47D7-B97C-046B30844E0C}"
EndProject
Global
	GlobalSection(SolutionConfigurationPlatforms) = preSolution
		Debug|Any CPU = Debug|Any CPU
		Release|Any CPU = Release|Any CPU
	EndGlobalSection
	GlobalSection(ProjectConfigurationPlatforms) = postSolution
		{68750A83-4923-47D7-B97C-046B30844E0C}.Debug|Any CPU.ActiveCfg = Debug|Any CPU
		{68750A83-4923-47D7-B97C-046B30844E0C}.Debug|Any CPU.Build.0 = Debug|Any CPU
		{68750A83-4923-47D7-B97C-046B30844E0C}.Release|Any CPU.ActiveCfg = Release|Any CPU
		{68750A83-4923-47D7-B97C-046B30844E0C}.Release|Any CPU.Build.0 = Release|Any CPU
	EndGlobalSection
	GlobalSection(SolutionProperties) = preSolution
		HideSolutionNode = FALSE
	EndGlobalSection
	GlobalSection(ExtensibilityGlobals) = postSolution
		SolutionGuid = {21DE7C69-54CB-465F-B8A9-C9366C004841}
	EndGlobalSection
EndGlobal
