
Microsoft Visual Studio Solution File, Format Version 12.00
# Visual Studio Version 16
VisualStudioVersion = 16.0.31911.196
MinimumVisualStudioVersion = 10.0.40219.1
Project("{FAE04EC0-301F-11D3-BF4B-00C04F79EFBC}") = "WebApiCalling", "WebApiCalling\WebApiCalling.csproj", "{6CFB42B1-FC59-4DB3-A037-D82534C44E05}"
EndProject
Global
	GlobalSection(SolutionConfigurationPlatforms) = preSolution
		Debug|Any CPU = Debug|Any CPU
		Release|Any CPU = Release|Any CPU
	EndGlobalSection
	GlobalSection(ProjectConfigurationPlatforms) = postSolution
		{6CFB42B1-FC59-4DB3-A037-D82534C44E05}.Debug|Any CPU.ActiveCfg = Debug|Any CPU
		{6CFB42B1-FC59-4DB3-A037-D82534C44E05}.Debug|Any CPU.Build.0 = Debug|Any CPU
		{6CFB42B1-FC59-4DB3-A037-D82534C44E05}.Release|Any CPU.ActiveCfg = Release|Any CPU
		{6CFB42B1-FC59-4DB3-A037-D82534C44E05}.Release|Any CPU.Build.0 = Release|Any CPU
	EndGlobalSection
	GlobalSection(SolutionProperties) = preSolution
		HideSolutionNode = FALSE
	EndGlobalSection
	GlobalSection(ExtensibilityGlobals) = postSolution
		SolutionGuid = {11D71DE5-A9E4-45CC-A9B7-4BB6A6748C3D}
	EndGlobalSection
EndGlobal
