
Microsoft Visual Studio Solution File, Format Version 12.00
# Visual Studio Version 17
VisualStudioVersion = 17.3.32929.385
MinimumVisualStudioVersion = 10.0.40219.1
Project("{FAE04EC0-301F-11D3-BF4B-00C04F79EFBC}") = "AjaxCrud", "AjaxCrud\AjaxCrud.csproj", "{03B319A3-F1D0-461B-8A5C-A95073808028}"
EndProject
Global
	GlobalSection(SolutionConfigurationPlatforms) = preSolution
		Debug|Any CPU = Debug|Any CPU
		Release|Any CPU = Release|Any CPU
	EndGlobalSection
	GlobalSection(ProjectConfigurationPlatforms) = postSolution
		{03B319A3-F1D0-461B-8A5C-A95073808028}.Debug|Any CPU.ActiveCfg = Debug|Any CPU
		{03B319A3-F1D0-461B-8A5C-A95073808028}.Debug|Any CPU.Build.0 = Debug|Any CPU
		{03B319A3-F1D0-461B-8A5C-A95073808028}.Release|Any CPU.ActiveCfg = Release|Any CPU
		{03B319A3-F1D0-461B-8A5C-A95073808028}.Release|Any CPU.Build.0 = Release|Any CPU
	EndGlobalSection
	GlobalSection(SolutionProperties) = preSolution
		HideSolutionNode = FALSE
	EndGlobalSection
	GlobalSection(ExtensibilityGlobals) = postSolution
		SolutionGuid = {380E440C-1F6D-4D7E-81C4-153096698155}
	EndGlobalSection
EndGlobal
